
Microsoft Visual Studio Solution File, Format Version 12.00
# Visual Studio Version 17
VisualStudioVersion = 17.2.32519.379
MinimumVisualStudioVersion = 10.0.40219.1
Project("{FAE04EC0-301F-11D3-BF4B-00C04F79EFBC}") = "ListFlix", "ListFlix.csproj", "{E6C1E8D4-458C-43CD-BD66-F54FD4F6A808}"
EndProject
Global
	GlobalSection(SolutionConfigurationPlatforms) = preSolution
		Debug|Any CPU = Debug|Any CPU
		Release|Any CPU = Release|Any CPU
	EndGlobalSection
	GlobalSection(ProjectConfigurationPlatforms) = postSolution
		{E6C1E8D4-458C-43CD-BD66-F54FD4F6A808}.Debug|Any CPU.ActiveCfg = Debug|Any CPU
		{E6C1E8D4-458C-43CD-BD66-F54FD4F6A808}.Debug|Any CPU.Build.0 = Debug|Any CPU
		{E6C1E8D4-458C-43CD-BD66-F54FD4F6A808}.Release|Any CPU.ActiveCfg = Release|Any CPU
		{E6C1E8D4-458C-43CD-BD66-F54FD4F6A808}.Release|Any CPU.Build.0 = Release|Any CPU
	EndGlobalSection
	GlobalSection(SolutionProperties) = preSolution
		HideSolutionNode = FALSE
	EndGlobalSection
	GlobalSection(ExtensibilityGlobals) = postSolution
		SolutionGuid = {E2B0FD1A-9D1E-42B6-A3EF-415E505A528A}
	EndGlobalSection
EndGlobal
